// !$*UTF8*$!
{
	archiveVersion = 1;
	classes = {
	};
	objectVersion = 46;
	objects = {

/* Begin PBXBuildFile section */
		B0BD95231E8EA2B900510B26 /* AppDelegate.swift in Sources */ = {isa = PBXBuildFile; fileRef = B0BD95221E8EA2B900510B26 /* AppDelegate.swift */; };
		B0BD95251E8EA2B900510B26 /* CameraVC.swift in Sources */ = {isa = PBXBuildFile; fileRef = B0BD95241E8EA2B900510B26 /* CameraVC.swift */; };
		B0BD95281E8EA2B900510B26 /* Main.storyboard in Resources */ = {isa = PBXBuildFile; fileRef = B0BD95261E8EA2B900510B26 /* Main.storyboard */; };
		B0BD952A1E8EA2B900510B26 /* Assets.xcassets in Resources */ = {isa = PBXBuildFile; fileRef = B0BD95291E8EA2B900510B26 /* Assets.xcassets */; };
		B0BD952D1E8EA2B900510B26 /* LaunchScreen.storyboard in Resources */ = {isa = PBXBuildFile; fileRef = B0BD952B1E8EA2B900510B26 /* LaunchScreen.storyboard */; };
		B0BD953C1E8EA99000510B26 /* AAPLPreviewView.m in Sources */ = {isa = PBXBuildFile; fileRef = B0BD95391E8EA99000510B26 /* AAPLPreviewView.m */; };
		B0BD953D1E8EA99000510B26 /* AAPLCameraViewController.m in Sources */ = {isa = PBXBuildFile; fileRef = B0BD953B1E8EA99000510B26 /* AAPLCameraViewController.m */; };
/* End PBXBuildFile section */

/* Begin PBXFileReference section */
		B01D6E2A1E8EBE8E00326A9E /* AAPLCameraVCDelegate.h */ = {isa = PBXFileReference; fileEncoding = 4; lastKnownFileType = sourcecode.c.h; path = AAPLCameraVCDelegate.h; sourceTree = "<group>"; };
		B0BD951F1E8EA2B900510B26 /* dev-chat.app */ = {isa = PBXFileReference; explicitFileType = wrapper.application; includeInIndex = 0; path = "dev-chat.app"; sourceTree = BUILT_PRODUCTS_DIR; };
		B0BD95221E8EA2B900510B26 /* AppDelegate.swift */ = {isa = PBXFileReference; lastKnownFileType = sourcecode.swift; path = AppDelegate.swift; sourceTree = "<group>"; };
		B0BD95241E8EA2B900510B26 /* CameraVC.swift */ = {isa = PBXFileReference; lastKnownFileType = sourcecode.swift; path = CameraVC.swift; sourceTree = "<group>"; };
		B0BD95271E8EA2B900510B26 /* Base */ = {isa = PBXFileReference; lastKnownFileType = file.storyboard; name = Base; path = Base.lproj/Main.storyboard; sourceTree = "<group>"; };
		B0BD95291E8EA2B900510B26 /* Assets.xcassets */ = {isa = PBXFileReference; lastKnownFileType = folder.assetcatalog; path = Assets.xcassets; sourceTree = "<group>"; };
		B0BD952C1E8EA2B900510B26 /* Base */ = {isa = PBXFileReference; lastKnownFileType = file.storyboard; name = Base; path = Base.lproj/LaunchScreen.storyboard; sourceTree = "<group>"; };
		B0BD952E1E8EA2B900510B26 /* Info.plist */ = {isa = PBXFileReference; lastKnownFileType = text.plist.xml; path = Info.plist; sourceTree = "<group>"; };
		B0BD95371E8EA99000510B26 /* dev-chat-Bridging-Header.h */ = {isa = PBXFileReference; lastKnownFileType = sourcecode.c.h; path = "dev-chat-Bridging-Header.h"; sourceTree = "<group>"; };
		B0BD95381E8EA99000510B26 /* AAPLPreviewView.h */ = {isa = PBXFileReference; fileEncoding = 4; lastKnownFileType = sourcecode.c.h; path = AAPLPreviewView.h; sourceTree = "<group>"; };
		B0BD95391E8EA99000510B26 /* AAPLPreviewView.m */ = {isa = PBXFileReference; fileEncoding = 4; lastKnownFileType = sourcecode.c.objc; path = AAPLPreviewView.m; sourceTree = "<group>"; };
		B0BD953A1E8EA99000510B26 /* AAPLCameraViewController.h */ = {isa = PBXFileReference; fileEncoding = 4; lastKnownFileType = sourcecode.c.h; path = AAPLCameraViewController.h; sourceTree = "<group>"; };
		B0BD953B1E8EA99000510B26 /* AAPLCameraViewController.m */ = {isa = PBXFileReference; fileEncoding = 4; lastKnownFileType = sourcecode.c.objc; path = AAPLCameraViewController.m; sourceTree = "<group>"; };
/* End PBXFileReference section */

/* Begin PBXFrameworksBuildPhase section */
		B0BD951C1E8EA2B900510B26 /* Frameworks */ = {
			isa = PBXFrameworksBuildPhase;
			buildActionMask = 2147483647;
			files = (
			);
			runOnlyForDeploymentPostprocessing = 0;
		};
/* End PBXFrameworksBuildPhase section */

/* Begin PBXGroup section */
		B01D6E271E8EBD2000326A9E /* Protocols */ = {
			isa = PBXGroup;
			children = (
				B01D6E2A1E8EBE8E00326A9E /* AAPLCameraVCDelegate.h */,
			);
			name = Protocols;
			sourceTree = "<group>";
		};
		B0BD95161E8EA2B900510B26 = {
			isa = PBXGroup;
			children = (
				B0BD95211E8EA2B900510B26 /* dev-chat */,
				B0BD95201E8EA2B900510B26 /* Products */,
			);
			sourceTree = "<group>";
		};
		B0BD95201E8EA2B900510B26 /* Products */ = {
			isa = PBXGroup;
			children = (
				B0BD951F1E8EA2B900510B26 /* dev-chat.app */,
			);
			name = Products;
			sourceTree = "<group>";
		};
		B0BD95211E8EA2B900510B26 /* dev-chat */ = {
			isa = PBXGroup;
			children = (
				B0BD95361E8EA30200510B26 /* Model */,
				B0BD95351E8EA2F900510B26 /* View */,
				B0BD95341E8EA2EF00510B26 /* Controller */,
				B01D6E271E8EBD2000326A9E /* Protocols */,
				B0BD95221E8EA2B900510B26 /* AppDelegate.swift */,
				B0BD95261E8EA2B900510B26 /* Main.storyboard */,
				B0BD95291E8EA2B900510B26 /* Assets.xcassets */,
				B0BD952B1E8EA2B900510B26 /* LaunchScreen.storyboard */,
				B0BD952E1E8EA2B900510B26 /* Info.plist */,
				B0BD95371E8EA99000510B26 /* dev-chat-Bridging-Header.h */,
			);
			path = "dev-chat";
			sourceTree = "<group>";
		};
		B0BD95341E8EA2EF00510B26 /* Controller */ = {
			isa = PBXGroup;
			children = (
				B0BD953A1E8EA99000510B26 /* AAPLCameraViewController.h */,
				B0BD953B1E8EA99000510B26 /* AAPLCameraViewController.m */,
				B0BD95241E8EA2B900510B26 /* CameraVC.swift */,
			);
			name = Controller;
			sourceTree = "<group>";
		};
		B0BD95351E8EA2F900510B26 /* View */ = {
			isa = PBXGroup;
			children = (
				B0BD95381E8EA99000510B26 /* AAPLPreviewView.h */,
				B0BD95391E8EA99000510B26 /* AAPLPreviewView.m */,
			);
			name = View;
			sourceTree = "<group>";
		};
		B0BD95361E8EA30200510B26 /* Model */ = {
			isa = PBXGroup;
			children = (
			);
			name = Model;
			sourceTree = "<group>";
		};
/* End PBXGroup section */

/* Begin PBXNativeTarget section */
		B0BD951E1E8EA2B900510B26 /* dev-chat */ = {
			isa = PBXNativeTarget;
			buildConfigurationList = B0BD95311E8EA2B900510B26 /* Build configuration list for PBXNativeTarget "dev-chat" */;
			buildPhases = (
				B0BD951B1E8EA2B900510B26 /* Sources */,
				B0BD951C1E8EA2B900510B26 /* Frameworks */,
				B0BD951D1E8EA2B900510B26 /* Resources */,
			);
			buildRules = (
			);
			dependencies = (
			);
			name = "dev-chat";
			productName = "dev-chat";
			productReference = B0BD951F1E8EA2B900510B26 /* dev-chat.app */;
			productType = "com.apple.product-type.application";
		};
/* End PBXNativeTarget section */

/* Begin PBXProject section */
		B0BD95171E8EA2B900510B26 /* Project object */ = {
			isa = PBXProject;
			attributes = {
				LastSwiftUpdateCheck = 0820;
				LastUpgradeCheck = 0820;
				ORGANIZATIONNAME = shinDev;
				TargetAttributes = {
					B0BD951E1E8EA2B900510B26 = {
						CreatedOnToolsVersion = 8.2.1;
						DevelopmentTeam = 775A96F2SV;
						LastSwiftMigration = 0820;
						ProvisioningStyle = Automatic;
					};
				};
			};
			buildConfigurationList = B0BD951A1E8EA2B900510B26 /* Build configuration list for PBXProject "dev-chat" */;
			compatibilityVersion = "Xcode 3.2";
			developmentRegion = English;
			hasScannedForEncodings = 0;
			knownRegions = (
				en,
				Base,
			);
			mainGroup = B0BD95161E8EA2B900510B26;
			productRefGroup = B0BD95201E8EA2B900510B26 /* Products */;
			projectDirPath = "";
			projectRoot = "";
			targets = (
				B0BD951E1E8EA2B900510B26 /* dev-chat */,
			);
		};
/* End PBXProject section */

/* Begin PBXResourcesBuildPhase section */
		B0BD951D1E8EA2B900510B26 /* Resources */ = {
			isa = PBXResourcesBuildPhase;
			buildActionMask = 2147483647;
			files = (
				B0BD952D1E8EA2B900510B26 /* LaunchScreen.storyboard in Resources */,
				B0BD952A1E8EA2B900510B26 /* Assets.xcassets in Resources */,
				B0BD95281E8EA2B900510B26 /* Main.storyboard in Resources */,
			);
			runOnlyForDeploymentPostprocessing = 0;
		};
/* End PBXResourcesBuildPhase section */

/* Begin PBXSourcesBuildPhase section */
		B0BD951B1E8EA2B900510B26 /* Sources */ = {
			isa = PBXSourcesBuildPhase;
			buildActionMask = 2147483647;
			files = (
				B0BD95251E8EA2B900510B26 /* CameraVC.swift in Sources */,
				B0BD95231E8EA2B900510B26 /* AppDelegate.swift in Sources */,
				B0BD953C1E8EA99000510B26 /* AAPLPreviewView.m in Sources */,
				B0BD953D1E8EA99000510B26 /* AAPLCameraViewController.m in Sources */,
			);
			runOnlyForDeploymentPostprocessing = 0;
		};
/* End PBXSourcesBuildPhase section */

/* Begin PBXVariantGroup section */
		B0BD95261E8EA2B900510B26 /* Main.storyboard */ = {
			isa = PBXVariantGroup;
			children = (
				B0BD95271E8EA2B900510B26 /* Base */,
			);
			name = Main.storyboard;
			sourceTree = "<group>";
		};
		B0BD952B1E8EA2B900510B26 /* LaunchScreen.storyboard */ = {
			isa = PBXVariantGroup;
			children = (
				B0BD952C1E8EA2B900510B26 /* Base */,
			);
			name = LaunchScreen.storyboard;
			sourceTree = "<group>";
		};
/* End PBXVariantGroup section */

/* Begin XCBuildConfiguration section */
		B0BD952F1E8EA2B900510B26 /* Debug */ = {
			isa = XCBuildConfiguration;
			buildSettings = {
				ALWAYS_SEARCH_USER_PATHS = NO;
				CLANG_ANALYZER_NONNULL = YES;
				CLANG_CXX_LANGUAGE_STANDARD = "gnu++0x";
				CLANG_CXX_LIBRARY = "libc++";
				CLANG_ENABLE_MODULES = YES;
				CLANG_ENABLE_OBJC_ARC = YES;
				CLANG_WARN_BOOL_CONVERSION = YES;
				CLANG_WARN_CONSTANT_CONVERSION = YES;
				CLANG_WARN_DIRECT_OBJC_ISA_USAGE = YES_ERROR;
				CLANG_WARN_DOCUMENTATION_COMMENTS = YES;
				CLANG_WARN_EMPTY_BODY = YES;
				CLANG_WARN_ENUM_CONVERSION = YES;
				CLANG_WARN_INFINITE_RECURSION = YES;
				CLANG_WARN_INT_CONVERSION = YES;
				CLANG_WARN_OBJC_ROOT_CLASS = YES_ERROR;
				CLANG_WARN_SUSPICIOUS_MOVE = YES;
				CLANG_WARN_UNREACHABLE_CODE = YES;
				CLANG_WARN__DUPLICATE_METHOD_MATCH = YES;
				"CODE_SIGN_IDENTITY[sdk=iphoneos*]" = "iPhone Developer";
				COPY_PHASE_STRIP = NO;
				DEBUG_INFORMATION_FORMAT = dwarf;
				ENABLE_STRICT_OBJC_MSGSEND = YES;
				ENABLE_TESTABILITY = YES;
				GCC_C_LANGUAGE_STANDARD = gnu99;
				GCC_DYNAMIC_NO_PIC = NO;
				GCC_NO_COMMON_BLOCKS = YES;
				GCC_OPTIMIZATION_LEVEL = 0;
				GCC_PREPROCESSOR_DEFINITIONS = (
					"DEBUG=1",
					"$(inherited)",
				);
				GCC_WARN_64_TO_32_BIT_CONVERSION = YES;
				GCC_WARN_ABOUT_RETURN_TYPE = YES_ERROR;
				GCC_WARN_UNDECLARED_SELECTOR = YES;
				GCC_WARN_UNINITIALIZED_AUTOS = YES_AGGRESSIVE;
				GCC_WARN_UNUSED_FUNCTION = YES;
				GCC_WARN_UNUSED_VARIABLE = YES;
				IPHONEOS_DEPLOYMENT_TARGET = 10.2;
				MTL_ENABLE_DEBUG_INFO = YES;
				ONLY_ACTIVE_ARCH = YES;
				SDKROOT = iphoneos;
				SWIFT_ACTIVE_COMPILATION_CONDITIONS = DEBUG;
				SWIFT_OPTIMIZATION_LEVEL = "-Onone";
				TARGETED_DEVICE_FAMILY = "1,2";
			};
			name = Debug;
		};
		B0BD95301E8EA2B900510B26 /* Release */ = {
			isa = XCBuildConfiguration;
			buildSettings = {
				ALWAYS_SEARCH_USER_PATHS = NO;
				CLANG_ANALYZER_NONNULL = YES;
				CLANG_CXX_LANGUAGE_STANDARD = "gnu++0x";
				CLANG_CXX_LIBRARY = "libc++";
				CLANG_ENABLE_MODULES = YES;
				CLANG_ENABLE_OBJC_ARC = YES;
				CLANG_WARN_BOOL_CONVERSION = YES;
				CLANG_WARN_CONSTANT_CONVERSION = YES;
				CLANG_WARN_DIRECT_OBJC_ISA_USAGE = YES_ERROR;
				CLANG_WARN_DOCUMENTATION_COMMENTS = YES;
				CLANG_WARN_EMPTY_BODY = YES;
				CLANG_WARN_ENUM_CONVERSION = YES;
				CLANG_WARN_INFINITE_RECURSION = YES;
				CLANG_WARN_INT_CONVERSION = YES;
				CLANG_WARN_OBJC_ROOT_CLASS = YES_ERROR;
				CLANG_WARN_SUSPICIOUS_MOVE = YES;
				CLANG_WARN_UNREACHABLE_CODE = YES;
				CLANG_WARN__DUPLICATE_METHOD_MATCH = YES;
				"CODE_SIGN_IDENTITY[sdk=iphoneos*]" = "iPhone Developer";
				COPY_PHASE_STRIP = NO;
				DEBUG_INFORMATION_FORMAT = "dwarf-with-dsym";
				ENABLE_NS_ASSERTIONS = NO;
				ENABLE_STRICT_OBJC_MSGSEND = YES;
				GCC_C_LANGUAGE_STANDARD = gnu99;
				GCC_NO_COMMON_BLOCKS = YES;
				GCC_WARN_64_TO_32_BIT_CONVERSION = YES;
				GCC_WARN_ABOUT_RETURN_TYPE = YES_ERROR;
				GCC_WARN_UNDECLARED_SELECTOR = YES;
				GCC_WARN_UNINITIALIZED_AUTOS = YES_AGGRESSIVE;
				GCC_WARN_UNUSED_FUNCTION = YES;
				GCC_WARN_UNUSED_VARIABLE = YES;
				IPHONEOS_DEPLOYMENT_TARGET = 10.2;
				MTL_ENABLE_DEBUG_INFO = NO;
				SDKROOT = iphoneos;
				SWIFT_OPTIMIZATION_LEVEL = "-Owholemodule";
				TARGETED_DEVICE_FAMILY = "1,2";
				VALIDATE_PRODUCT = YES;
			};
			name = Release;
		};
		B0BD95321E8EA2B900510B26 /* Debug */ = {
			isa = XCBuildConfiguration;
			buildSettings = {
				ASSETCATALOG_COMPILER_APPICON_NAME = AppIcon;
				CLANG_ENABLE_MODULES = YES;
				DEVELOPMENT_TEAM = 775A96F2SV;
				INFOPLIST_FILE = "dev-chat/Info.plist";
				LD_RUNPATH_SEARCH_PATHS = "$(inherited) @executable_path/Frameworks";
				PRODUCT_BUNDLE_IDENTIFIER = "com.shinDev.dev-chat";
				PRODUCT_NAME = "$(TARGET_NAME)";
				SWIFT_OBJC_BRIDGING_HEADER = "dev-chat/dev-chat-Bridging-Header.h";
				SWIFT_OPTIMIZATION_LEVEL = "-Onone";
				SWIFT_VERSION = 3.0;
			};
			name = Debug;
		};
		B0BD95331E8EA2B900510B26 /* Release */ = {
			isa = XCBuildConfiguration;
			buildSettings = {
				ASSETCATALOG_COMPILER_APPICON_NAME = AppIcon;
				CLANG_ENABLE_MODULES = YES;
				DEVELOPMENT_TEAM = 775A96F2SV;
				INFOPLIST_FILE = "dev-chat/Info.plist";
				LD_RUNPATH_SEARCH_PATHS = "$(inherited) @executable_path/Frameworks";
				PRODUCT_BUNDLE_IDENTIFIER = "com.shinDev.dev-chat";
				PRODUCT_NAME = "$(TARGET_NAME)";
				SWIFT_OBJC_BRIDGING_HEADER = "dev-chat/dev-chat-Bridging-Header.h";
				SWIFT_VERSION = 3.0;
			};
			name = Release;
		};
/* End XCBuildConfiguration section */

/* Begin XCConfigurationList section */
		B0BD951A1E8EA2B900510B26 /* Build configuration list for PBXProject "dev-chat" */ = {
			isa = XCConfigurationList;
			buildConfigurations = (
				B0BD952F1E8EA2B900510B26 /* Debug */,
				B0BD95301E8EA2B900510B26 /* Release */,
			);
			defaultConfigurationIsVisible = 0;
			defaultConfigurationName = Release;
		};
		B0BD95311E8EA2B900510B26 /* Build configuration list for PBXNativeTarget "dev-chat" */ = {
			isa = XCConfigurationList;
			buildConfigurations = (
				B0BD95321E8EA2B900510B26 /* Debug */,
				B0BD95331E8EA2B900510B26 /* Release */,
			);
			defaultConfigurationIsVisible = 0;
			defaultConfigurationName = Release;
		};
/* End XCConfigurationList section */
	};
	rootObject = B0BD95171E8EA2B900510B26 /* Project object */;
}
